
Microsoft Visual Studio Solution File, Format Version 12.00
# Visual Studio Version 17
VisualStudioVersion = 17.8.34511.84
MinimumVisualStudioVersion = 10.0.40219.1
Project("{9A19103F-16F7-4668-BE54-9A1E7A4F7556}") = "API.Telegram", "src\API.Telegram\API.Telegram.csproj", "{1ECC09A3-9AC4-47D1-9C21-842CE54E55E2}"
EndProject
Project("{9A19103F-16F7-4668-BE54-9A1E7A4F7556}") = "Infrastructure", "src\Infrastructure\Infrastructure.csproj", "{14479ACA-508A-4390-B428-1961FA59A9D3}"
EndProject
Project("{9A19103F-16F7-4668-BE54-9A1E7A4F7556}") = "SharedKernel", "src\SharedKernel\SharedKernel.csproj", "{503F88A8-2045-481F-830D-E7FA3C728D2A}"
EndProject
Project("{9A19103F-16F7-4668-BE54-9A1E7A4F7556}") = "MessageBus", "src\MessageBus\MessageBus.csproj", "{08C1FC13-5DB2-494F-ADF1-A2EB158415BD}"
EndProject
Project("{9A19103F-16F7-4668-BE54-9A1E7A4F7556}") = "Domain", "src\Domain\Domain.csproj", "{FC2699B2-2373-461C-8F94-E0E8DDBE60E9}"
EndProject
Project("{9A19103F-16F7-4668-BE54-9A1E7A4F7556}") = "Application", "src\Application\Application.csproj", "{2168C7C1-8686-4D5A-99F0-1E52A3FF580A}"
EndProject
Project("{2150E333-8FDC-42A3-9474-1A3956D46DE8}") = "src", "src", "{41480C34-6E1A-4456-B06C-280CA26D453B}"
EndProject
Project("{2150E333-8FDC-42A3-9474-1A3956D46DE8}") = "Solution Items", "Solution Items", "{17E66501-F076-4EC8-BA9B-6A33007E225D}"
	ProjectSection(SolutionItems) = preProject
		.editorconfig = .editorconfig
		Directory.Build.props = Directory.Build.props
		Directory.Packages.props = Directory.Packages.props
		README.md = README.md
	EndProjectSection
EndProject
Project("{9A19103F-16F7-4668-BE54-9A1E7A4F7556}") = "API.Identity", "src\API.Identity\API.Identity.csproj", "{BCFCD2DC-31C5-45D3-93DE-282DDD63A392}"
EndProject
Project("{9A19103F-16F7-4668-BE54-9A1E7A4F7556}") = "API.Finance", "src\API.Finance\API.Finance.csproj", "{2D516951-81D5-406F-9EEE-CE044535F1EC}"
EndProject
Project("{E53339B2-1760-4266-BCC7-CA923CBCF16C}") = "docker-compose", "docker-compose.dcproj", "{86F6F1A7-48B9-4D68-9B0E-81B93998925E}"
EndProject
Project("{2150E333-8FDC-42A3-9474-1A3956D46DE8}") = "tests", "tests", "{0AB3BF05-4346-4AA6-1389-037BE0695223}"
EndProject
Project("{2150E333-8FDC-42A3-9474-1A3956D46DE8}") = "Unit", "Unit", "{9D556B49-86D1-93A7-9596-FFAAB74EC556}"
EndProject
Project("{2150E333-8FDC-42A3-9474-1A3956D46DE8}") = "Integration", "Integration", "{B7E8C4A1-F1B5-4C2D-9A3E-D6F7E8A9B0C1}"
EndProject
Project("{2150E333-8FDC-42A3-9474-1A3956D46DE8}") = "EndToEnd", "EndToEnd", "{C8F9D5B2-A2C6-5D3E-A4F5-E7A8B9C0D1E2}"
EndProject
Project("{2150E333-8FDC-42A3-9474-1A3956D46DE8}") = "Shared", "Shared", "{D9A0E6C3-B3D7-6E4F-B5A6-F8A9B0C1D2E3}"
EndProject
Project("{FAE04EC0-301F-11D3-BF4B-00C04F79EFBC}") = "Domain.UnitTests", "tests\Unit\Domain.UnitTests\Domain.UnitTests.csproj", "{060A6C33-A82F-4773-8D3E-DCDB6010ADA3}"
EndProject
Project("{FAE04EC0-301F-11D3-BF4B-00C04F79EFBC}") = "Application.UnitTests", "tests\Unit\Application.UnitTests\Application.UnitTests.csproj", "{824F0EEC-3AE6-4C9C-84B6-2E3DF3AF3693}"
EndProject
Project("{FAE04EC0-301F-11D3-BF4B-00C04F79EFBC}") = "Infrastructure.IntegrationTests", "tests\Integration\Infrastructure.IntegrationTests\Infrastructure.IntegrationTests.csproj", "{212AC6E8-6208-4F55-9145-6E5EB7361D89}"
EndProject
Project("{FAE04EC0-301F-11D3-BF4B-00C04F79EFBC}") = "API.Identity.IntegrationTests", "tests\Integration\API.Identity.IntegrationTests\API.Identity.IntegrationTests.csproj", "{C7FAE731-075A-451F-8B2A-084AE9447708}"
EndProject
Project("{FAE04EC0-301F-11D3-BF4B-00C04F79EFBC}") = "API.Finance.IntegrationTests", "tests\Integration\API.Finance.IntegrationTests\API.Finance.IntegrationTests.csproj", "{5FFDF37F-C596-4F0B-A991-EB8C5C5EF8C2}"
EndProject
Project("{FAE04EC0-301F-11D3-BF4B-00C04F79EFBC}") = "API.Telegram.IntegrationTests", "tests\Integration\API.Telegram.IntegrationTests\API.Telegram.IntegrationTests.csproj", "{58E03334-9B4D-4A13-B591-52CB3BC6DC55}"
EndProject
Project("{FAE04EC0-301F-11D3-BF4B-00C04F79EFBC}") = "Wallet.E2ETests", "tests\EndToEnd\Wallet.E2ETests\Wallet.E2ETests.csproj", "{7E4B9A0F-D8C0-43C6-AC3D-D5D2C9A7DE74}"
EndProject
Project("{FAE04EC0-301F-11D3-BF4B-00C04F79EFBC}") = "TestUtilities", "tests\Shared\TestUtilities\TestUtilities.csproj", "{6626743D-C5A6-4B15-95C1-17DE58E77045}"
EndProject
Project("{FAE04EC0-301F-11D3-BF4B-00C04F79EFBC}") = "TestUtilities.UnitTests", "tests\Unit\TestUtilities.UnitTests\TestUtilities.UnitTests.csproj", "{D007A275-7709-4EA3-8A13-FF9C2D31745C}"
EndProject
Global
	GlobalSection(SolutionConfigurationPlatforms) = preSolution
		Debug|Any CPU = Debug|Any CPU
		Debug|x64 = Debug|x64
		Debug|x86 = Debug|x86
		Release|Any CPU = Release|Any CPU
		Release|x64 = Release|x64
		Release|x86 = Release|x86
	EndGlobalSection
	GlobalSection(ProjectConfigurationPlatforms) = postSolution
		{1ECC09A3-9AC4-47D1-9C21-842CE54E55E2}.Debug|Any CPU.ActiveCfg = Debug|Any CPU
		{1ECC09A3-9AC4-47D1-9C21-842CE54E55E2}.Debug|Any CPU.Build.0 = Debug|Any CPU
		{1ECC09A3-9AC4-47D1-9C21-842CE54E55E2}.Debug|x64.ActiveCfg = Debug|Any CPU
		{1ECC09A3-9AC4-47D1-9C21-842CE54E55E2}.Debug|x64.Build.0 = Debug|Any CPU
		{1ECC09A3-9AC4-47D1-9C21-842CE54E55E2}.Debug|x86.ActiveCfg = Debug|Any CPU
		{1ECC09A3-9AC4-47D1-9C21-842CE54E55E2}.Debug|x86.Build.0 = Debug|Any CPU
		{1ECC09A3-9AC4-47D1-9C21-842CE54E55E2}.Release|Any CPU.ActiveCfg = Release|Any CPU
		{1ECC09A3-9AC4-47D1-9C21-842CE54E55E2}.Release|Any CPU.Build.0 = Release|Any CPU
		{1ECC09A3-9AC4-47D1-9C21-842CE54E55E2}.Release|x64.ActiveCfg = Release|Any CPU
		{1ECC09A3-9AC4-47D1-9C21-842CE54E55E2}.Release|x64.Build.0 = Release|Any CPU
		{1ECC09A3-9AC4-47D1-9C21-842CE54E55E2}.Release|x86.ActiveCfg = Release|Any CPU
		{1ECC09A3-9AC4-47D1-9C21-842CE54E55E2}.Release|x86.Build.0 = Release|Any CPU
		{14479ACA-508A-4390-B428-1961FA59A9D3}.Debug|Any CPU.ActiveCfg = Debug|Any CPU
		{14479ACA-508A-4390-B428-1961FA59A9D3}.Debug|Any CPU.Build.0 = Debug|Any CPU
		{14479ACA-508A-4390-B428-1961FA59A9D3}.Debug|x64.ActiveCfg = Debug|Any CPU
		{14479ACA-508A-4390-B428-1961FA59A9D3}.Debug|x64.Build.0 = Debug|Any CPU
		{14479ACA-508A-4390-B428-1961FA59A9D3}.Debug|x86.ActiveCfg = Debug|Any CPU
		{14479ACA-508A-4390-B428-1961FA59A9D3}.Debug|x86.Build.0 = Debug|Any CPU
		{14479ACA-508A-4390-B428-1961FA59A9D3}.Release|Any CPU.ActiveCfg = Release|Any CPU
		{14479ACA-508A-4390-B428-1961FA59A9D3}.Release|Any CPU.Build.0 = Release|Any CPU
		{14479ACA-508A-4390-B428-1961FA59A9D3}.Release|x64.ActiveCfg = Release|Any CPU
		{14479ACA-508A-4390-B428-1961FA59A9D3}.Release|x64.Build.0 = Release|Any CPU
		{14479ACA-508A-4390-B428-1961FA59A9D3}.Release|x86.ActiveCfg = Release|Any CPU
		{14479ACA-508A-4390-B428-1961FA59A9D3}.Release|x86.Build.0 = Release|Any CPU
		{503F88A8-2045-481F-830D-E7FA3C728D2A}.Debug|Any CPU.ActiveCfg = Debug|Any CPU
		{503F88A8-2045-481F-830D-E7FA3C728D2A}.Debug|Any CPU.Build.0 = Debug|Any CPU
		{503F88A8-2045-481F-830D-E7FA3C728D2A}.Debug|x64.ActiveCfg = Debug|Any CPU
		{503F88A8-2045-481F-830D-E7FA3C728D2A}.Debug|x64.Build.0 = Debug|Any CPU
		{503F88A8-2045-481F-830D-E7FA3C728D2A}.Debug|x86.ActiveCfg = Debug|Any CPU
		{503F88A8-2045-481F-830D-E7FA3C728D2A}.Debug|x86.Build.0 = Debug|Any CPU
		{503F88A8-2045-481F-830D-E7FA3C728D2A}.Release|Any CPU.ActiveCfg = Release|Any CPU
		{503F88A8-2045-481F-830D-E7FA3C728D2A}.Release|Any CPU.Build.0 = Release|Any CPU
		{503F88A8-2045-481F-830D-E7FA3C728D2A}.Release|x64.ActiveCfg = Release|Any CPU
		{503F88A8-2045-481F-830D-E7FA3C728D2A}.Release|x64.Build.0 = Release|Any CPU
		{503F88A8-2045-481F-830D-E7FA3C728D2A}.Release|x86.ActiveCfg = Release|Any CPU
		{503F88A8-2045-481F-830D-E7FA3C728D2A}.Release|x86.Build.0 = Release|Any CPU
		{08C1FC13-5DB2-494F-ADF1-A2EB158415BD}.Debug|Any CPU.ActiveCfg = Debug|Any CPU
		{08C1FC13-5DB2-494F-ADF1-A2EB158415BD}.Debug|Any CPU.Build.0 = Debug|Any CPU
		{08C1FC13-5DB2-494F-ADF1-A2EB158415BD}.Debug|x64.ActiveCfg = Debug|Any CPU
		{08C1FC13-5DB2-494F-ADF1-A2EB158415BD}.Debug|x64.Build.0 = Debug|Any CPU
		{08C1FC13-5DB2-494F-ADF1-A2EB158415BD}.Debug|x86.ActiveCfg = Debug|Any CPU
		{08C1FC13-5DB2-494F-ADF1-A2EB158415BD}.Debug|x86.Build.0 = Debug|Any CPU
		{08C1FC13-5DB2-494F-ADF1-A2EB158415BD}.Release|Any CPU.ActiveCfg = Release|Any CPU
		{08C1FC13-5DB2-494F-ADF1-A2EB158415BD}.Release|Any CPU.Build.0 = Release|Any CPU
		{08C1FC13-5DB2-494F-ADF1-A2EB158415BD}.Release|x64.ActiveCfg = Release|Any CPU
		{08C1FC13-5DB2-494F-ADF1-A2EB158415BD}.Release|x64.Build.0 = Release|Any CPU
		{08C1FC13-5DB2-494F-ADF1-A2EB158415BD}.Release|x86.ActiveCfg = Release|Any CPU
		{08C1FC13-5DB2-494F-ADF1-A2EB158415BD}.Release|x86.Build.0 = Release|Any CPU
		{FC2699B2-2373-461C-8F94-E0E8DDBE60E9}.Debug|Any CPU.ActiveCfg = Debug|Any CPU
		{FC2699B2-2373-461C-8F94-E0E8DDBE60E9}.Debug|Any CPU.Build.0 = Debug|Any CPU
		{FC2699B2-2373-461C-8F94-E0E8DDBE60E9}.Debug|x64.ActiveCfg = Debug|Any CPU
		{FC2699B2-2373-461C-8F94-E0E8DDBE60E9}.Debug|x64.Build.0 = Debug|Any CPU
		{FC2699B2-2373-461C-8F94-E0E8DDBE60E9}.Debug|x86.ActiveCfg = Debug|Any CPU
		{FC2699B2-2373-461C-8F94-E0E8DDBE60E9}.Debug|x86.Build.0 = Debug|Any CPU
		{FC2699B2-2373-461C-8F94-E0E8DDBE60E9}.Release|Any CPU.ActiveCfg = Release|Any CPU
		{FC2699B2-2373-461C-8F94-E0E8DDBE60E9}.Release|Any CPU.Build.0 = Release|Any CPU
		{FC2699B2-2373-461C-8F94-E0E8DDBE60E9}.Release|x64.ActiveCfg = Release|Any CPU
		{FC2699B2-2373-461C-8F94-E0E8DDBE60E9}.Release|x64.Build.0 = Release|Any CPU
		{FC2699B2-2373-461C-8F94-E0E8DDBE60E9}.Release|x86.ActiveCfg = Release|Any CPU
		{FC2699B2-2373-461C-8F94-E0E8DDBE60E9}.Release|x86.Build.0 = Release|Any CPU
		{2168C7C1-8686-4D5A-99F0-1E52A3FF580A}.Debug|Any CPU.ActiveCfg = Debug|Any CPU
		{2168C7C1-8686-4D5A-99F0-1E52A3FF580A}.Debug|Any CPU.Build.0 = Debug|Any CPU
		{2168C7C1-8686-4D5A-99F0-1E52A3FF580A}.Debug|x64.ActiveCfg = Debug|Any CPU
		{2168C7C1-8686-4D5A-99F0-1E52A3FF580A}.Debug|x64.Build.0 = Debug|Any CPU
		{2168C7C1-8686-4D5A-99F0-1E52A3FF580A}.Debug|x86.ActiveCfg = Debug|Any CPU
		{2168C7C1-8686-4D5A-99F0-1E52A3FF580A}.Debug|x86.Build.0 = Debug|Any CPU
		{2168C7C1-8686-4D5A-99F0-1E52A3FF580A}.Release|Any CPU.ActiveCfg = Release|Any CPU
		{2168C7C1-8686-4D5A-99F0-1E52A3FF580A}.Release|Any CPU.Build.0 = Release|Any CPU
		{2168C7C1-8686-4D5A-99F0-1E52A3FF580A}.Release|x64.ActiveCfg = Release|Any CPU
		{2168C7C1-8686-4D5A-99F0-1E52A3FF580A}.Release|x64.Build.0 = Release|Any CPU
		{2168C7C1-8686-4D5A-99F0-1E52A3FF580A}.Release|x86.ActiveCfg = Release|Any CPU
		{2168C7C1-8686-4D5A-99F0-1E52A3FF580A}.Release|x86.Build.0 = Release|Any CPU
		{BCFCD2DC-31C5-45D3-93DE-282DDD63A392}.Debug|Any CPU.ActiveCfg = Debug|Any CPU
		{BCFCD2DC-31C5-45D3-93DE-282DDD63A392}.Debug|Any CPU.Build.0 = Debug|Any CPU
		{BCFCD2DC-31C5-45D3-93DE-282DDD63A392}.Debug|x64.ActiveCfg = Debug|Any CPU
		{BCFCD2DC-31C5-45D3-93DE-282DDD63A392}.Debug|x64.Build.0 = Debug|Any CPU
		{BCFCD2DC-31C5-45D3-93DE-282DDD63A392}.Debug|x86.ActiveCfg = Debug|Any CPU
		{BCFCD2DC-31C5-45D3-93DE-282DDD63A392}.Debug|x86.Build.0 = Debug|Any CPU
		{BCFCD2DC-31C5-45D3-93DE-282DDD63A392}.Release|Any CPU.ActiveCfg = Release|Any CPU
		{BCFCD2DC-31C5-45D3-93DE-282DDD63A392}.Release|Any CPU.Build.0 = Release|Any CPU
		{BCFCD2DC-31C5-45D3-93DE-282DDD63A392}.Release|x64.ActiveCfg = Release|Any CPU
		{BCFCD2DC-31C5-45D3-93DE-282DDD63A392}.Release|x64.Build.0 = Release|Any CPU
		{BCFCD2DC-31C5-45D3-93DE-282DDD63A392}.Release|x86.ActiveCfg = Release|Any CPU
		{BCFCD2DC-31C5-45D3-93DE-282DDD63A392}.Release|x86.Build.0 = Release|Any CPU
		{2D516951-81D5-406F-9EEE-CE044535F1EC}.Debug|Any CPU.ActiveCfg = Debug|Any CPU
		{2D516951-81D5-406F-9EEE-CE044535F1EC}.Debug|Any CPU.Build.0 = Debug|Any CPU
		{2D516951-81D5-406F-9EEE-CE044535F1EC}.Debug|x64.ActiveCfg = Debug|Any CPU
		{2D516951-81D5-406F-9EEE-CE044535F1EC}.Debug|x64.Build.0 = Debug|Any CPU
		{2D516951-81D5-406F-9EEE-CE044535F1EC}.Debug|x86.ActiveCfg = Debug|Any CPU
		{2D516951-81D5-406F-9EEE-CE044535F1EC}.Debug|x86.Build.0 = Debug|Any CPU
		{2D516951-81D5-406F-9EEE-CE044535F1EC}.Release|Any CPU.ActiveCfg = Release|Any CPU
		{2D516951-81D5-406F-9EEE-CE044535F1EC}.Release|Any CPU.Build.0 = Release|Any CPU
		{2D516951-81D5-406F-9EEE-CE044535F1EC}.Release|x64.ActiveCfg = Release|Any CPU
		{2D516951-81D5-406F-9EEE-CE044535F1EC}.Release|x64.Build.0 = Release|Any CPU
		{2D516951-81D5-406F-9EEE-CE044535F1EC}.Release|x86.ActiveCfg = Release|Any CPU
		{2D516951-81D5-406F-9EEE-CE044535F1EC}.Release|x86.Build.0 = Release|Any CPU
		{86F6F1A7-48B9-4D68-9B0E-81B93998925E}.Debug|Any CPU.ActiveCfg = Debug|Any CPU
		{86F6F1A7-48B9-4D68-9B0E-81B93998925E}.Debug|Any CPU.Build.0 = Debug|Any CPU
		{86F6F1A7-48B9-4D68-9B0E-81B93998925E}.Debug|x64.ActiveCfg = Debug|x64
		{86F6F1A7-48B9-4D68-9B0E-81B93998925E}.Debug|x86.ActiveCfg = Debug|x86
		{86F6F1A7-48B9-4D68-9B0E-81B93998925E}.Release|Any CPU.ActiveCfg = Release|Any CPU
		{86F6F1A7-48B9-4D68-9B0E-81B93998925E}.Release|Any CPU.Build.0 = Release|Any CPU
		{86F6F1A7-48B9-4D68-9B0E-81B93998925E}.Release|x64.ActiveCfg = Release|x64
		{86F6F1A7-48B9-4D68-9B0E-81B93998925E}.Release|x86.ActiveCfg = Release|x86
		{060A6C33-A82F-4773-8D3E-DCDB6010ADA3}.Debug|Any CPU.ActiveCfg = Debug|Any CPU
		{060A6C33-A82F-4773-8D3E-DCDB6010ADA3}.Debug|Any CPU.Build.0 = Debug|Any CPU
		{060A6C33-A82F-4773-8D3E-DCDB6010ADA3}.Debug|x64.ActiveCfg = Debug|Any CPU
		{060A6C33-A82F-4773-8D3E-DCDB6010ADA3}.Debug|x64.Build.0 = Debug|Any CPU
		{060A6C33-A82F-4773-8D3E-DCDB6010ADA3}.Debug|x86.ActiveCfg = Debug|Any CPU
		{060A6C33-A82F-4773-8D3E-DCDB6010ADA3}.Debug|x86.Build.0 = Debug|Any CPU
		{060A6C33-A82F-4773-8D3E-DCDB6010ADA3}.Release|Any CPU.ActiveCfg = Release|Any CPU
		{060A6C33-A82F-4773-8D3E-DCDB6010ADA3}.Release|Any CPU.Build.0 = Release|Any CPU
		{060A6C33-A82F-4773-8D3E-DCDB6010ADA3}.Release|x64.ActiveCfg = Release|Any CPU
		{060A6C33-A82F-4773-8D3E-DCDB6010ADA3}.Release|x64.Build.0 = Release|Any CPU
		{060A6C33-A82F-4773-8D3E-DCDB6010ADA3}.Release|x86.ActiveCfg = Release|Any CPU
		{060A6C33-A82F-4773-8D3E-DCDB6010ADA3}.Release|x86.Build.0 = Release|Any CPU
		{824F0EEC-3AE6-4C9C-84B6-2E3DF3AF3693}.Debug|Any CPU.ActiveCfg = Debug|Any CPU
		{824F0EEC-3AE6-4C9C-84B6-2E3DF3AF3693}.Debug|Any CPU.Build.0 = Debug|Any CPU
		{824F0EEC-3AE6-4C9C-84B6-2E3DF3AF3693}.Debug|x64.ActiveCfg = Debug|Any CPU
		{824F0EEC-3AE6-4C9C-84B6-2E3DF3AF3693}.Debug|x64.Build.0 = Debug|Any CPU
		{824F0EEC-3AE6-4C9C-84B6-2E3DF3AF3693}.Debug|x86.ActiveCfg = Debug|Any CPU
		{824F0EEC-3AE6-4C9C-84B6-2E3DF3AF3693}.Debug|x86.Build.0 = Debug|Any CPU
		{824F0EEC-3AE6-4C9C-84B6-2E3DF3AF3693}.Release|Any CPU.ActiveCfg = Release|Any CPU
		{824F0EEC-3AE6-4C9C-84B6-2E3DF3AF3693}.Release|Any CPU.Build.0 = Release|Any CPU
		{824F0EEC-3AE6-4C9C-84B6-2E3DF3AF3693}.Release|x64.ActiveCfg = Release|Any CPU
		{824F0EEC-3AE6-4C9C-84B6-2E3DF3AF3693}.Release|x64.Build.0 = Release|Any CPU
		{824F0EEC-3AE6-4C9C-84B6-2E3DF3AF3693}.Release|x86.ActiveCfg = Release|Any CPU
		{824F0EEC-3AE6-4C9C-84B6-2E3DF3AF3693}.Release|x86.Build.0 = Release|Any CPU
		{212AC6E8-6208-4F55-9145-6E5EB7361D89}.Debug|Any CPU.ActiveCfg = Debug|Any CPU
		{212AC6E8-6208-4F55-9145-6E5EB7361D89}.Debug|Any CPU.Build.0 = Debug|Any CPU
		{212AC6E8-6208-4F55-9145-6E5EB7361D89}.Debug|x64.ActiveCfg = Debug|Any CPU
		{212AC6E8-6208-4F55-9145-6E5EB7361D89}.Debug|x64.Build.0 = Debug|Any CPU
		{212AC6E8-6208-4F55-9145-6E5EB7361D89}.Debug|x86.ActiveCfg = Debug|Any CPU
		{212AC6E8-6208-4F55-9145-6E5EB7361D89}.Debug|x86.Build.0 = Debug|Any CPU
		{212AC6E8-6208-4F55-9145-6E5EB7361D89}.Release|Any CPU.ActiveCfg = Release|Any CPU
		{212AC6E8-6208-4F55-9145-6E5EB7361D89}.Release|Any CPU.Build.0 = Release|Any CPU
		{212AC6E8-6208-4F55-9145-6E5EB7361D89}.Release|x64.ActiveCfg = Release|Any CPU
		{212AC6E8-6208-4F55-9145-6E5EB7361D89}.Release|x64.Build.0 = Release|Any CPU
		{212AC6E8-6208-4F55-9145-6E5EB7361D89}.Release|x86.ActiveCfg = Release|Any CPU
		{212AC6E8-6208-4F55-9145-6E5EB7361D89}.Release|x86.Build.0 = Release|Any CPU
		{C7FAE731-075A-451F-8B2A-084AE9447708}.Debug|Any CPU.ActiveCfg = Debug|Any CPU
		{C7FAE731-075A-451F-8B2A-084AE9447708}.Debug|Any CPU.Build.0 = Debug|Any CPU
		{C7FAE731-075A-451F-8B2A-084AE9447708}.Debug|x64.ActiveCfg = Debug|Any CPU
		{C7FAE731-075A-451F-8B2A-084AE9447708}.Debug|x64.Build.0 = Debug|Any CPU
		{C7FAE731-075A-451F-8B2A-084AE9447708}.Debug|x86.ActiveCfg = Debug|Any CPU
		{C7FAE731-075A-451F-8B2A-084AE9447708}.Debug|x86.Build.0 = Debug|Any CPU
		{C7FAE731-075A-451F-8B2A-084AE9447708}.Release|Any CPU.ActiveCfg = Release|Any CPU
		{C7FAE731-075A-451F-8B2A-084AE9447708}.Release|Any CPU.Build.0 = Release|Any CPU
		{C7FAE731-075A-451F-8B2A-084AE9447708}.Release|x64.ActiveCfg = Release|Any CPU
		{C7FAE731-075A-451F-8B2A-084AE9447708}.Release|x64.Build.0 = Release|Any CPU
		{C7FAE731-075A-451F-8B2A-084AE9447708}.Release|x86.ActiveCfg = Release|Any CPU
		{C7FAE731-075A-451F-8B2A-084AE9447708}.Release|x86.Build.0 = Release|Any CPU
		{5FFDF37F-C596-4F0B-A991-EB8C5C5EF8C2}.Debug|Any CPU.ActiveCfg = Debug|Any CPU
		{5FFDF37F-C596-4F0B-A991-EB8C5C5EF8C2}.Debug|Any CPU.Build.0 = Debug|Any CPU
		{5FFDF37F-C596-4F0B-A991-EB8C5C5EF8C2}.Debug|x64.ActiveCfg = Debug|Any CPU
		{5FFDF37F-C596-4F0B-A991-EB8C5C5EF8C2}.Debug|x64.Build.0 = Debug|Any CPU
		{5FFDF37F-C596-4F0B-A991-EB8C5C5EF8C2}.Debug|x86.ActiveCfg = Debug|Any CPU
		{5FFDF37F-C596-4F0B-A991-EB8C5C5EF8C2}.Debug|x86.Build.0 = Debug|Any CPU
		{5FFDF37F-C596-4F0B-A991-EB8C5C5EF8C2}.Release|Any CPU.ActiveCfg = Release|Any CPU
		{5FFDF37F-C596-4F0B-A991-EB8C5C5EF8C2}.Release|Any CPU.Build.0 = Release|Any CPU
		{5FFDF37F-C596-4F0B-A991-EB8C5C5EF8C2}.Release|x64.ActiveCfg = Release|Any CPU
		{5FFDF37F-C596-4F0B-A991-EB8C5C5EF8C2}.Release|x64.Build.0 = Release|Any CPU
		{5FFDF37F-C596-4F0B-A991-EB8C5C5EF8C2}.Release|x86.ActiveCfg = Release|Any CPU
		{5FFDF37F-C596-4F0B-A991-EB8C5C5EF8C2}.Release|x86.Build.0 = Release|Any CPU
		{58E03334-9B4D-4A13-B591-52CB3BC6DC55}.Debug|Any CPU.ActiveCfg = Debug|Any CPU
		{58E03334-9B4D-4A13-B591-52CB3BC6DC55}.Debug|Any CPU.Build.0 = Debug|Any CPU
		{58E03334-9B4D-4A13-B591-52CB3BC6DC55}.Debug|x64.ActiveCfg = Debug|Any CPU
		{58E03334-9B4D-4A13-B591-52CB3BC6DC55}.Debug|x64.Build.0 = Debug|Any CPU
		{58E03334-9B4D-4A13-B591-52CB3BC6DC55}.Debug|x86.ActiveCfg = Debug|Any CPU
		{58E03334-9B4D-4A13-B591-52CB3BC6DC55}.Debug|x86.Build.0 = Debug|Any CPU
		{58E03334-9B4D-4A13-B591-52CB3BC6DC55}.Release|Any CPU.ActiveCfg = Release|Any CPU
		{58E03334-9B4D-4A13-B591-52CB3BC6DC55}.Release|Any CPU.Build.0 = Release|Any CPU
		{58E03334-9B4D-4A13-B591-52CB3BC6DC55}.Release|x64.ActiveCfg = Release|Any CPU
		{58E03334-9B4D-4A13-B591-52CB3BC6DC55}.Release|x64.Build.0 = Release|Any CPU
		{58E03334-9B4D-4A13-B591-52CB3BC6DC55}.Release|x86.ActiveCfg = Release|Any CPU
		{58E03334-9B4D-4A13-B591-52CB3BC6DC55}.Release|x86.Build.0 = Release|Any CPU
		{7E4B9A0F-D8C0-43C6-AC3D-D5D2C9A7DE74}.Debug|Any CPU.ActiveCfg = Debug|Any CPU
		{7E4B9A0F-D8C0-43C6-AC3D-D5D2C9A7DE74}.Debug|Any CPU.Build.0 = Debug|Any CPU
		{7E4B9A0F-D8C0-43C6-AC3D-D5D2C9A7DE74}.Debug|x64.ActiveCfg = Debug|Any CPU
		{7E4B9A0F-D8C0-43C6-AC3D-D5D2C9A7DE74}.Debug|x64.Build.0 = Debug|Any CPU
		{7E4B9A0F-D8C0-43C6-AC3D-D5D2C9A7DE74}.Debug|x86.ActiveCfg = Debug|Any CPU
		{7E4B9A0F-D8C0-43C6-AC3D-D5D2C9A7DE74}.Debug|x86.Build.0 = Debug|Any CPU
		{7E4B9A0F-D8C0-43C6-AC3D-D5D2C9A7DE74}.Release|Any CPU.ActiveCfg = Release|Any CPU
		{7E4B9A0F-D8C0-43C6-AC3D-D5D2C9A7DE74}.Release|Any CPU.Build.0 = Release|Any CPU
		{7E4B9A0F-D8C0-43C6-AC3D-D5D2C9A7DE74}.Release|x64.ActiveCfg = Release|Any CPU
		{7E4B9A0F-D8C0-43C6-AC3D-D5D2C9A7DE74}.Release|x64.Build.0 = Release|Any CPU
		{7E4B9A0F-D8C0-43C6-AC3D-D5D2C9A7DE74}.Release|x86.ActiveCfg = Release|Any CPU
		{7E4B9A0F-D8C0-43C6-AC3D-D5D2C9A7DE74}.Release|x86.Build.0 = Release|Any CPU
		{6626743D-C5A6-4B15-95C1-17DE58E77045}.Debug|Any CPU.ActiveCfg = Debug|Any CPU
		{6626743D-C5A6-4B15-95C1-17DE58E77045}.Debug|Any CPU.Build.0 = Debug|Any CPU
		{6626743D-C5A6-4B15-95C1-17DE58E77045}.Debug|x64.ActiveCfg = Debug|Any CPU
		{6626743D-C5A6-4B15-95C1-17DE58E77045}.Debug|x64.Build.0 = Debug|Any CPU
		{6626743D-C5A6-4B15-95C1-17DE58E77045}.Debug|x86.ActiveCfg = Debug|Any CPU
		{6626743D-C5A6-4B15-95C1-17DE58E77045}.Debug|x86.Build.0 = Debug|Any CPU
		{6626743D-C5A6-4B15-95C1-17DE58E77045}.Release|Any CPU.ActiveCfg = Release|Any CPU
		{6626743D-C5A6-4B15-95C1-17DE58E77045}.Release|Any CPU.Build.0 = Release|Any CPU
		{6626743D-C5A6-4B15-95C1-17DE58E77045}.Release|x64.ActiveCfg = Release|Any CPU
		{6626743D-C5A6-4B15-95C1-17DE58E77045}.Release|x64.Build.0 = Release|Any CPU
		{6626743D-C5A6-4B15-95C1-17DE58E77045}.Release|x86.ActiveCfg = Release|Any CPU
		{6626743D-C5A6-4B15-95C1-17DE58E77045}.Release|x86.Build.0 = Release|Any CPU
		{D007A275-7709-4EA3-8A13-FF9C2D31745C}.Debug|Any CPU.ActiveCfg = Debug|Any CPU
		{D007A275-7709-4EA3-8A13-FF9C2D31745C}.Debug|Any CPU.Build.0 = Debug|Any CPU
		{D007A275-7709-4EA3-8A13-FF9C2D31745C}.Debug|x64.ActiveCfg = Debug|Any CPU
		{D007A275-7709-4EA3-8A13-FF9C2D31745C}.Debug|x64.Build.0 = Debug|Any CPU
		{D007A275-7709-4EA3-8A13-FF9C2D31745C}.Debug|x86.ActiveCfg = Debug|Any CPU
		{D007A275-7709-4EA3-8A13-FF9C2D31745C}.Debug|x86.Build.0 = Debug|Any CPU
		{D007A275-7709-4EA3-8A13-FF9C2D31745C}.Release|Any CPU.ActiveCfg = Release|Any CPU
		{D007A275-7709-4EA3-8A13-FF9C2D31745C}.Release|Any CPU.Build.0 = Release|Any CPU
		{D007A275-7709-4EA3-8A13-FF9C2D31745C}.Release|x64.ActiveCfg = Release|Any CPU
		{D007A275-7709-4EA3-8A13-FF9C2D31745C}.Release|x64.Build.0 = Release|Any CPU
		{D007A275-7709-4EA3-8A13-FF9C2D31745C}.Release|x86.ActiveCfg = Release|Any CPU
		{D007A275-7709-4EA3-8A13-FF9C2D31745C}.Release|x86.Build.0 = Release|Any CPU
	EndGlobalSection
	GlobalSection(SolutionProperties) = preSolution
		HideSolutionNode = FALSE
	EndGlobalSection
	GlobalSection(NestedProjects) = preSolution
		{1ECC09A3-9AC4-47D1-9C21-842CE54E55E2} = {41480C34-6E1A-4456-B06C-280CA26D453B}
		{14479ACA-508A-4390-B428-1961FA59A9D3} = {41480C34-6E1A-4456-B06C-280CA26D453B}
		{503F88A8-2045-481F-830D-E7FA3C728D2A} = {41480C34-6E1A-4456-B06C-280CA26D453B}
		{08C1FC13-5DB2-494F-ADF1-A2EB158415BD} = {41480C34-6E1A-4456-B06C-280CA26D453B}
		{FC2699B2-2373-461C-8F94-E0E8DDBE60E9} = {41480C34-6E1A-4456-B06C-280CA26D453B}
		{2168C7C1-8686-4D5A-99F0-1E52A3FF580A} = {41480C34-6E1A-4456-B06C-280CA26D453B}
		{BCFCD2DC-31C5-45D3-93DE-282DDD63A392} = {41480C34-6E1A-4456-B06C-280CA26D453B}
		{2D516951-81D5-406F-9EEE-CE044535F1EC} = {41480C34-6E1A-4456-B06C-280CA26D453B}
		{9D556B49-86D1-93A7-9596-FFAAB74EC556} = {0AB3BF05-4346-4AA6-1389-037BE0695223}
		{B7E8C4A1-F1B5-4C2D-9A3E-D6F7E8A9B0C1} = {0AB3BF05-4346-4AA6-1389-037BE0695223}
		{C8F9D5B2-A2C6-5D3E-A4F5-E7A8B9C0D1E2} = {0AB3BF05-4346-4AA6-1389-037BE0695223}
		{D9A0E6C3-B3D7-6E4F-B5A6-F8A9B0C1D2E3} = {0AB3BF05-4346-4AA6-1389-037BE0695223}
		{060A6C33-A82F-4773-8D3E-DCDB6010ADA3} = {9D556B49-86D1-93A7-9596-FFAAB74EC556}
		{824F0EEC-3AE6-4C9C-84B6-2E3DF3AF3693} = {9D556B49-86D1-93A7-9596-FFAAB74EC556}
		{212AC6E8-6208-4F55-9145-6E5EB7361D89} = {B7E8C4A1-F1B5-4C2D-9A3E-D6F7E8A9B0C1}
		{C7FAE731-075A-451F-8B2A-084AE9447708} = {B7E8C4A1-F1B5-4C2D-9A3E-D6F7E8A9B0C1}
		{5FFDF37F-C596-4F0B-A991-EB8C5C5EF8C2} = {B7E8C4A1-F1B5-4C2D-9A3E-D6F7E8A9B0C1}
		{58E03334-9B4D-4A13-B591-52CB3BC6DC55} = {B7E8C4A1-F1B5-4C2D-9A3E-D6F7E8A9B0C1}
		{7E4B9A0F-D8C0-43C6-AC3D-D5D2C9A7DE74} = {C8F9D5B2-A2C6-5D3E-A4F5-E7A8B9C0D1E2}
		{6626743D-C5A6-4B15-95C1-17DE58E77045} = {D9A0E6C3-B3D7-6E4F-B5A6-F8A9B0C1D2E3}
		{D007A275-7709-4EA3-8A13-FF9C2D31745C} = {9D556B49-86D1-93A7-9596-FFAAB74EC556}
	EndGlobalSection
EndGlobal
