
Microsoft Visual Studio Solution File, Format Version 12.00
# Visual Studio Version 17
VisualStudioVersion = 17.8.34511.84
MinimumVisualStudioVersion = 10.0.40219.1
Project("{9A19103F-16F7-4668-BE54-9A1E7A4F7556}") = "WalletService", "WalletService\WalletService.csproj", "{730499C5-070A-4D23-A568-A8F7807E29C7}"
EndProject
Project("{9A19103F-16F7-4668-BE54-9A1E7A4F7556}") = "Repository", "Repository\Repository.csproj", "{0138F13B-67E3-4131-92BC-8E757AFCEDD0}"
EndProject
Project("{9A19103F-16F7-4668-BE54-9A1E7A4F7556}") = "LoggerService", "LoggerService\LoggerService.csproj", "{DD5BBD57-C6A2-4507-B1CC-4046054B39C6}"
EndProject
Project("{9A19103F-16F7-4668-BE54-9A1E7A4F7556}") = "Contracts", "Contracts\Contracts.csproj", "{AFCC9D98-3BC6-4481-9B66-8CEC4B800705}"
EndProject
Project("{9A19103F-16F7-4668-BE54-9A1E7A4F7556}") = "Entities", "Entities\Entities.csproj", "{DF530B1D-0D09-4356-A2A8-0EF3D62D5E0F}"
EndProject
Project("{2150E333-8FDC-42A3-9474-1A3956D46DE8}") = "Solution Items", "Solution Items", "{CF778687-88A7-4E01-BA95-985533558A6A}"
	ProjectSection(SolutionItems) = preProject
		Dockerfile = Dockerfile
	EndProjectSection
EndProject
Project("{9A19103F-16F7-4668-BE54-9A1E7A4F7556}") = "WalletService.Presentation", "WalletService.Presentation\WalletService.Presentation.csproj", "{B29D9D1F-A18B-418C-8419-59E46195C9DE}"
EndProject
Project("{9A19103F-16F7-4668-BE54-9A1E7A4F7556}") = "Application", "Application\Application.csproj", "{AC3C42B2-5AFB-4562-9B4B-72D11584C9E5}"
EndProject
Project("{9A19103F-16F7-4668-BE54-9A1E7A4F7556}") = "Shared", "Shared\Shared.csproj", "{4D245741-93D0-4C63-92B2-5236247B946E}"
EndProject
Project("{FAE04EC0-301F-11D3-BF4B-00C04F79EFBC}") = "EventProcessing", "EventProcessing\EventProcessing.csproj", "{B70DACB9-636F-4F5B-83A3-71CF492AB1C9}"
EndProject
Global
	GlobalSection(SolutionConfigurationPlatforms) = preSolution
		Debug|Any CPU = Debug|Any CPU
		Release|Any CPU = Release|Any CPU
	EndGlobalSection
	GlobalSection(ProjectConfigurationPlatforms) = postSolution
		{730499C5-070A-4D23-A568-A8F7807E29C7}.Debug|Any CPU.ActiveCfg = Debug|Any CPU
		{730499C5-070A-4D23-A568-A8F7807E29C7}.Debug|Any CPU.Build.0 = Debug|Any CPU
		{730499C5-070A-4D23-A568-A8F7807E29C7}.Release|Any CPU.ActiveCfg = Release|Any CPU
		{730499C5-070A-4D23-A568-A8F7807E29C7}.Release|Any CPU.Build.0 = Release|Any CPU
		{0138F13B-67E3-4131-92BC-8E757AFCEDD0}.Debug|Any CPU.ActiveCfg = Debug|Any CPU
		{0138F13B-67E3-4131-92BC-8E757AFCEDD0}.Debug|Any CPU.Build.0 = Debug|Any CPU
		{0138F13B-67E3-4131-92BC-8E757AFCEDD0}.Release|Any CPU.ActiveCfg = Release|Any CPU
		{0138F13B-67E3-4131-92BC-8E757AFCEDD0}.Release|Any CPU.Build.0 = Release|Any CPU
		{DD5BBD57-C6A2-4507-B1CC-4046054B39C6}.Debug|Any CPU.ActiveCfg = Debug|Any CPU
		{DD5BBD57-C6A2-4507-B1CC-4046054B39C6}.Debug|Any CPU.Build.0 = Debug|Any CPU
		{DD5BBD57-C6A2-4507-B1CC-4046054B39C6}.Release|Any CPU.ActiveCfg = Release|Any CPU
		{DD5BBD57-C6A2-4507-B1CC-4046054B39C6}.Release|Any CPU.Build.0 = Release|Any CPU
		{AFCC9D98-3BC6-4481-9B66-8CEC4B800705}.Debug|Any CPU.ActiveCfg = Debug|Any CPU
		{AFCC9D98-3BC6-4481-9B66-8CEC4B800705}.Debug|Any CPU.Build.0 = Debug|Any CPU
		{AFCC9D98-3BC6-4481-9B66-8CEC4B800705}.Release|Any CPU.ActiveCfg = Release|Any CPU
		{AFCC9D98-3BC6-4481-9B66-8CEC4B800705}.Release|Any CPU.Build.0 = Release|Any CPU
		{DF530B1D-0D09-4356-A2A8-0EF3D62D5E0F}.Debug|Any CPU.ActiveCfg = Debug|Any CPU
		{DF530B1D-0D09-4356-A2A8-0EF3D62D5E0F}.Debug|Any CPU.Build.0 = Debug|Any CPU
		{DF530B1D-0D09-4356-A2A8-0EF3D62D5E0F}.Release|Any CPU.ActiveCfg = Release|Any CPU
		{DF530B1D-0D09-4356-A2A8-0EF3D62D5E0F}.Release|Any CPU.Build.0 = Release|Any CPU
		{B29D9D1F-A18B-418C-8419-59E46195C9DE}.Debug|Any CPU.ActiveCfg = Debug|Any CPU
		{B29D9D1F-A18B-418C-8419-59E46195C9DE}.Debug|Any CPU.Build.0 = Debug|Any CPU
		{B29D9D1F-A18B-418C-8419-59E46195C9DE}.Release|Any CPU.ActiveCfg = Release|Any CPU
		{B29D9D1F-A18B-418C-8419-59E46195C9DE}.Release|Any CPU.Build.0 = Release|Any CPU
		{AC3C42B2-5AFB-4562-9B4B-72D11584C9E5}.Debug|Any CPU.ActiveCfg = Debug|Any CPU
		{AC3C42B2-5AFB-4562-9B4B-72D11584C9E5}.Debug|Any CPU.Build.0 = Debug|Any CPU
		{AC3C42B2-5AFB-4562-9B4B-72D11584C9E5}.Release|Any CPU.ActiveCfg = Release|Any CPU
		{AC3C42B2-5AFB-4562-9B4B-72D11584C9E5}.Release|Any CPU.Build.0 = Release|Any CPU
		{4D245741-93D0-4C63-92B2-5236247B946E}.Debug|Any CPU.ActiveCfg = Debug|Any CPU
		{4D245741-93D0-4C63-92B2-5236247B946E}.Debug|Any CPU.Build.0 = Debug|Any CPU
		{4D245741-93D0-4C63-92B2-5236247B946E}.Release|Any CPU.ActiveCfg = Release|Any CPU
		{4D245741-93D0-4C63-92B2-5236247B946E}.Release|Any CPU.Build.0 = Release|Any CPU
		{B70DACB9-636F-4F5B-83A3-71CF492AB1C9}.Debug|Any CPU.ActiveCfg = Debug|Any CPU
		{B70DACB9-636F-4F5B-83A3-71CF492AB1C9}.Debug|Any CPU.Build.0 = Debug|Any CPU
		{B70DACB9-636F-4F5B-83A3-71CF492AB1C9}.Release|Any CPU.ActiveCfg = Release|Any CPU
		{B70DACB9-636F-4F5B-83A3-71CF492AB1C9}.Release|Any CPU.Build.0 = Release|Any CPU
	EndGlobalSection
	GlobalSection(SolutionProperties) = preSolution
		HideSolutionNode = FALSE
	EndGlobalSection
	GlobalSection(ExtensibilityGlobals) = postSolution
		SolutionGuid = {17E88CB2-2B6D-4FDE-85E7-9FE38AC1859F}
	EndGlobalSection
	GlobalSection(NestedProjects) = preSolution
	EndGlobalSection
EndGlobal
